
Microsoft Visual Studio Solution File, Format Version 12.00
# Visual Studio 15
Project("{FAE04EC0-301F-11D3-BF4B-00C04F79EFBC}") = "Assembly-CSharp", "Assembly-CSharp.csproj", "{116FD5A9-C73A-1D72-4586-125D37EC5E6B}"
EndProject
Project("{FAE04EC0-301F-11D3-BF4B-00C04F79EFBC}") = "Assembly-CSharp-Editor", "Assembly-CSharp-Editor.csproj", "{111CABBB-FE2D-BC99-E392-FBC4FBD6A20F}"
EndProject
Global
	GlobalSection(SolutionConfigurationPlatforms) = preSolution
		Debug|Any CPU = Debug|Any CPU
		Release|Any CPU = Release|Any CPU
	EndGlobalSection
	GlobalSection(ProjectConfigurationPlatforms) = postSolution
		{116FD5A9-C73A-1D72-4586-125D37EC5E6B}.Debug|Any CPU.ActiveCfg = Debug|Any CPU
		{116FD5A9-C73A-1D72-4586-125D37EC5E6B}.Debug|Any CPU.Build.0 = Debug|Any CPU
		{116FD5A9-C73A-1D72-4586-125D37EC5E6B}.Release|Any CPU.ActiveCfg = Release|Any CPU
		{116FD5A9-C73A-1D72-4586-125D37EC5E6B}.Release|Any CPU.Build.0 = Release|Any CPU
		{111CABBB-FE2D-BC99-E392-FBC4FBD6A20F}.Debug|Any CPU.ActiveCfg = Debug|Any CPU
		{111CABBB-FE2D-BC99-E392-FBC4FBD6A20F}.Debug|Any CPU.Build.0 = Debug|Any CPU
		{111CABBB-FE2D-BC99-E392-FBC4FBD6A20F}.Release|Any CPU.ActiveCfg = Release|Any CPU
		{111CABBB-FE2D-BC99-E392-FBC4FBD6A20F}.Release|Any CPU.Build.0 = Release|Any CPU
	EndGlobalSection
	GlobalSection(SolutionProperties) = preSolution
		HideSolutionNode = FALSE
	EndGlobalSection
EndGlobal
